// !$*UTF8*$!
{
	archiveVersion = 1;
	classes = {
	};
	objectVersion = 50;
	objects = {

/* Begin PBXBuildFile section */
		2D21762642317F57372FC052 /* Pods_Audigo_iOSTests.framework in Frameworks */ = {isa = PBXBuildFile; fileRef = 6C23B93B7ECC5C9C81403950 /* Pods_Audigo_iOSTests.framework */; };
		A0481508A224CCDA166030F8 /* Pods_Audigo_iOSUITests.framework in Frameworks */ = {isa = PBXBuildFile; fileRef = EF180CA1884787B3CEF28CED /* Pods_Audigo_iOSUITests.framework */; };
		CE0B6A88211C927A003FA382 /* BaseViewModel.swift in Sources */ = {isa = PBXBuildFile; fileRef = CE0B6A87211C927A003FA382 /* BaseViewModel.swift */; };
		CE25BB982121D94A00D1273C /* MemberSelectViewController.swift in Sources */ = {isa = PBXBuildFile; fileRef = CE25BB972121D94A00D1273C /* MemberSelectViewController.swift */; };
		CE280193212575E20066B344 /* ContactItem.swift in Sources */ = {isa = PBXBuildFile; fileRef = CE280192212575E20066B344 /* ContactItem.swift */; };
		CE2801952125A55D0066B344 /* RxApollo.swift in Sources */ = {isa = PBXBuildFile; fileRef = CE2801942125A55D0066B344 /* RxApollo.swift */; };
		CE34B4B6211E787100F92D50 /* UpsertUser.graphql in Resources */ = {isa = PBXBuildFile; fileRef = CE34B4AA211E787000F92D50 /* UpsertUser.graphql */; };
		CE34B4B7211E787100F92D50 /* DeletePromiseById.graphql in Resources */ = {isa = PBXBuildFile; fileRef = CE34B4AB211E787000F92D50 /* DeletePromiseById.graphql */; };
		CE34B4B8211E787100F92D50 /* GetUserWithPromises.graphql in Resources */ = {isa = PBXBuildFile; fileRef = CE34B4AC211E787000F92D50 /* GetUserWithPromises.graphql */; };
		CE34B4B9211E787100F92D50 /* UpdatePromise.graphql in Resources */ = {isa = PBXBuildFile; fileRef = CE34B4AD211E787000F92D50 /* UpdatePromise.graphql */; };
		CE34B4BA211E787100F92D50 /* SendPush.graphql in Resources */ = {isa = PBXBuildFile; fileRef = CE34B4AE211E787000F92D50 /* SendPush.graphql */; };
		CE34B4BB211E787100F92D50 /* GetPromise.graphql in Resources */ = {isa = PBXBuildFile; fileRef = CE34B4AF211E787100F92D50 /* GetPromise.graphql */; };
		CE34B4BC211E787100F92D50 /* AddPromise.graphql in Resources */ = {isa = PBXBuildFile; fileRef = CE34B4B0211E787100F92D50 /* AddPromise.graphql */; };
		CE34B4BD211E787100F92D50 /* RelocatePocket.graphql in Resources */ = {isa = PBXBuildFile; fileRef = CE34B4B1211E787100F92D50 /* RelocatePocket.graphql */; };
		CE34B4BF211E787100F92D50 /* AttachToken.graphql in Resources */ = {isa = PBXBuildFile; fileRef = CE34B4B3211E787100F92D50 /* AttachToken.graphql */; };
		CE34B4C0211E787100F92D50 /* GetPocket.graphql in Resources */ = {isa = PBXBuildFile; fileRef = CE34B4B4211E787100F92D50 /* GetPocket.graphql */; };
		CE34B4C1211E787100F92D50 /* schemaBackup.json in Resources */ = {isa = PBXBuildFile; fileRef = CE34B4B5211E787100F92D50 /* schemaBackup.json */; };
		CE34B4C3211E86A000F92D50 /* GoogleService-Info.plist in Resources */ = {isa = PBXBuildFile; fileRef = CE34B4C2211E86A000F92D50 /* GoogleService-Info.plist */; };
		CE34B4C5211E96FA00F92D50 /* PhoneCheckViewController.swift in Sources */ = {isa = PBXBuildFile; fileRef = CE34B4C4211E96FA00F92D50 /* PhoneCheckViewController.swift */; };
		CE34B4CB211EFE7800F92D50 /* PromiseTableViewCell.swift in Sources */ = {isa = PBXBuildFile; fileRef = CE34B4CA211EFE7800F92D50 /* PromiseTableViewCell.swift */; };
		CE77EDC821207191007A6BF6 /* NewPromiseViewController.swift in Sources */ = {isa = PBXBuildFile; fileRef = CE77EDC721207191007A6BF6 /* NewPromiseViewController.swift */; };
		CE77EDCA212071F9007A6BF6 /* NewPromiseScene.swift in Sources */ = {isa = PBXBuildFile; fileRef = CE77EDC9212071F9007A6BF6 /* NewPromiseScene.swift */; };
		CE77EDCC21207204007A6BF6 /* NewPromiseViewModel.swift in Sources */ = {isa = PBXBuildFile; fileRef = CE77EDCB21207204007A6BF6 /* NewPromiseViewModel.swift */; };
		CE77EDCE21208A7E007A6BF6 /* PromiseDetailViewController.swift in Sources */ = {isa = PBXBuildFile; fileRef = CE77EDCD21208A7E007A6BF6 /* PromiseDetailViewController.swift */; };
		CE77EDD121209649007A6BF6 /* DatePopupViewController.swift in Sources */ = {isa = PBXBuildFile; fileRef = CE77EDD021209649007A6BF6 /* DatePopupViewController.swift */; };
		CE77EDD321209655007A6BF6 /* TimePopupViewController.swift in Sources */ = {isa = PBXBuildFile; fileRef = CE77EDD221209655007A6BF6 /* TimePopupViewController.swift */; };
		CE7D369020DA7D2E003E8823 /* KakaoOpenSDK.framework in Frameworks */ = {isa = PBXBuildFile; fileRef = CE7D368F20DA7D2E003E8823 /* KakaoOpenSDK.framework */; };
		CE7D369D20DA952D003E8823 /* ApolloAPIService.swift in Sources */ = {isa = PBXBuildFile; fileRef = CE7D369C20DA952D003E8823 /* ApolloAPIService.swift */; };
		CE825F9021205BF800697F52 /* Util.swift in Sources */ = {isa = PBXBuildFile; fileRef = CE825F8F21205BF800697F52 /* Util.swift */; };
		CEAD38B321230B63009B0A5A /* MemberSelectTableViewCell.swift in Sources */ = {isa = PBXBuildFile; fileRef = CEAD38B221230B63009B0A5A /* MemberSelectTableViewCell.swift */; };
		CEB41EFD2115C3FF006BC729 /* SceneCoordinatorType.swift in Sources */ = {isa = PBXBuildFile; fileRef = CEB41EF82115C3FF006BC729 /* SceneCoordinatorType.swift */; };
		CEB41EFE2115C3FF006BC729 /* SceneTransitionType.swift in Sources */ = {isa = PBXBuildFile; fileRef = CEB41EF92115C3FF006BC729 /* SceneTransitionType.swift */; };
		CEB41EFF2115C3FF006BC729 /* Scene.swift in Sources */ = {isa = PBXBuildFile; fileRef = CEB41EFA2115C3FF006BC729 /* Scene.swift */; };
		CEB41F002115C3FF006BC729 /* Scene+ViewController.swift in Sources */ = {isa = PBXBuildFile; fileRef = CEB41EFB2115C3FF006BC729 /* Scene+ViewController.swift */; };
		CEB41F012115C3FF006BC729 /* AppCoordinator.swift in Sources */ = {isa = PBXBuildFile; fileRef = CEB41EFC2115C3FF006BC729 /* AppCoordinator.swift */; };
		CEB41F032115C41B006BC729 /* BindableTypes.swift in Sources */ = {isa = PBXBuildFile; fileRef = CEB41F022115C41B006BC729 /* BindableTypes.swift */; };
		CEB41F052115C484006BC729 /* MainScene.swift in Sources */ = {isa = PBXBuildFile; fileRef = CEB41F042115C484006BC729 /* MainScene.swift */; };
		CEB41F072115C4A6006BC729 /* MainViewModel.swift in Sources */ = {isa = PBXBuildFile; fileRef = CEB41F062115C4A6006BC729 /* MainViewModel.swift */; };
		CEB41F092115C4F4006BC729 /* EntranceViewController.swift in Sources */ = {isa = PBXBuildFile; fileRef = CEB41F082115C4F4006BC729 /* EntranceViewController.swift */; };
		CEB41F0B2115C52A006BC729 /* PermissionsViewController.swift in Sources */ = {isa = PBXBuildFile; fileRef = CEB41F0A2115C52A006BC729 /* PermissionsViewController.swift */; };
		CED44217211F081D000D2A8C /* MemberCollectionViewCell.swift in Sources */ = {isa = PBXBuildFile; fileRef = CED44215211F081D000D2A8C /* MemberCollectionViewCell.swift */; };
		CED44218211F081D000D2A8C /* MemberCollectionViewCell.xib in Resources */ = {isa = PBXBuildFile; fileRef = CED44216211F081D000D2A8C /* MemberCollectionViewCell.xib */; };
		CED4CCAE20C979040063D89F /* AppDelegate.swift in Sources */ = {isa = PBXBuildFile; fileRef = CED4CCAD20C979040063D89F /* AppDelegate.swift */; };
		CED4CCB020C979040063D89F /* MainViewController.swift in Sources */ = {isa = PBXBuildFile; fileRef = CED4CCAF20C979040063D89F /* MainViewController.swift */; };
		CED4CCB320C979040063D89F /* Main.storyboard in Resources */ = {isa = PBXBuildFile; fileRef = CED4CCB120C979040063D89F /* Main.storyboard */; };
		CED4CCB620C979040063D89F /* Audigo_iOS.xcdatamodeld in Sources */ = {isa = PBXBuildFile; fileRef = CED4CCB420C979040063D89F /* Audigo_iOS.xcdatamodeld */; };
		CED4CCB820C979060063D89F /* Assets.xcassets in Resources */ = {isa = PBXBuildFile; fileRef = CED4CCB720C979060063D89F /* Assets.xcassets */; };
		CED4CCBB20C979060063D89F /* LaunchScreen.storyboard in Resources */ = {isa = PBXBuildFile; fileRef = CED4CCB920C979060063D89F /* LaunchScreen.storyboard */; };
		CED4CCC620C979060063D89F /* Audigo_iOSTests.swift in Sources */ = {isa = PBXBuildFile; fileRef = CED4CCC520C979060063D89F /* Audigo_iOSTests.swift */; };
		CED4CCD120C979060063D89F /* Audigo_iOSUITests.swift in Sources */ = {isa = PBXBuildFile; fileRef = CED4CCD020C979060063D89F /* Audigo_iOSUITests.swift */; };
		CEEE5D9C212717090023E2FC /* UITableView+Ext.swift in Sources */ = {isa = PBXBuildFile; fileRef = CEEE5D9B212717090023E2FC /* UITableView+Ext.swift */; };
		CEEE5D9E2127D5BA0023E2FC /* PromiseDetailScene.swift in Sources */ = {isa = PBXBuildFile; fileRef = CEEE5D9D2127D5BA0023E2FC /* PromiseDetailScene.swift */; };
		CEEE5DA02127D6540023E2FC /* PromiseDetailViewModel.swift in Sources */ = {isa = PBXBuildFile; fileRef = CEEE5D9F2127D6540023E2FC /* PromiseDetailViewModel.swift */; };
		CEEE5DA5212817F50023E2FC /* PromiseDetailUserTableViewCell.swift in Sources */ = {isa = PBXBuildFile; fileRef = CEEE5DA4212817F50023E2FC /* PromiseDetailUserTableViewCell.swift */; };
		CEEE5DA7212843400023E2FC /* R.generated.swift in Sources */ = {isa = PBXBuildFile; fileRef = CEEE5DA62128433F0023E2FC /* R.generated.swift */; };
		DAA9A1DE40416DAD7F13D98E /* Pods_Audigo_iOS.framework in Frameworks */ = {isa = PBXBuildFile; fileRef = 037C740967F5570A44C65A3B /* Pods_Audigo_iOS.framework */; };
/* End PBXBuildFile section */

/* Begin PBXContainerItemProxy section */
		CED4CCC220C979060063D89F /* PBXContainerItemProxy */ = {
			isa = PBXContainerItemProxy;
			containerPortal = CED4CCA220C979040063D89F /* Project object */;
			proxyType = 1;
			remoteGlobalIDString = CED4CCA920C979040063D89F;
			remoteInfo = "Audigo-iOS";
		};
		CED4CCCD20C979060063D89F /* PBXContainerItemProxy */ = {
			isa = PBXContainerItemProxy;
			containerPortal = CED4CCA220C979040063D89F /* Project object */;
			proxyType = 1;
			remoteGlobalIDString = CED4CCA920C979040063D89F;
			remoteInfo = "Audigo-iOS";
		};
/* End PBXContainerItemProxy section */

/* Begin PBXFileReference section */
		037C740967F5570A44C65A3B /* Pods_Audigo_iOS.framework */ = {isa = PBXFileReference; explicitFileType = wrapper.framework; includeInIndex = 0; path = Pods_Audigo_iOS.framework; sourceTree = BUILT_PRODUCTS_DIR; };
		48800521CEAD7FE421842A0E /* Pods-Audigo-iOSUITests.debug.xcconfig */ = {isa = PBXFileReference; includeInIndex = 1; lastKnownFileType = text.xcconfig; name = "Pods-Audigo-iOSUITests.debug.xcconfig"; path = "Pods/Target Support Files/Pods-Audigo-iOSUITests/Pods-Audigo-iOSUITests.debug.xcconfig"; sourceTree = "<group>"; };
		6C23B93B7ECC5C9C81403950 /* Pods_Audigo_iOSTests.framework */ = {isa = PBXFileReference; explicitFileType = wrapper.framework; includeInIndex = 0; path = Pods_Audigo_iOSTests.framework; sourceTree = BUILT_PRODUCTS_DIR; };
		A15A740631A4179D9F919E4F /* Pods-Audigo-iOSTests.debug.xcconfig */ = {isa = PBXFileReference; includeInIndex = 1; lastKnownFileType = text.xcconfig; name = "Pods-Audigo-iOSTests.debug.xcconfig"; path = "Pods/Target Support Files/Pods-Audigo-iOSTests/Pods-Audigo-iOSTests.debug.xcconfig"; sourceTree = "<group>"; };
		B5DF70456DCA29CA99440351 /* Pods-Audigo-iOSUITests.release.xcconfig */ = {isa = PBXFileReference; includeInIndex = 1; lastKnownFileType = text.xcconfig; name = "Pods-Audigo-iOSUITests.release.xcconfig"; path = "Pods/Target Support Files/Pods-Audigo-iOSUITests/Pods-Audigo-iOSUITests.release.xcconfig"; sourceTree = "<group>"; };
		CA541320104F8C0FED8535D0 /* Pods-Audigo-iOS.debug.xcconfig */ = {isa = PBXFileReference; includeInIndex = 1; lastKnownFileType = text.xcconfig; name = "Pods-Audigo-iOS.debug.xcconfig"; path = "Pods/Target Support Files/Pods-Audigo-iOS/Pods-Audigo-iOS.debug.xcconfig"; sourceTree = "<group>"; };
		CE0B6A87211C927A003FA382 /* BaseViewModel.swift */ = {isa = PBXFileReference; lastKnownFileType = sourcecode.swift; path = BaseViewModel.swift; sourceTree = "<group>"; };
		CE25BB972121D94A00D1273C /* MemberSelectViewController.swift */ = {isa = PBXFileReference; lastKnownFileType = sourcecode.swift; path = MemberSelectViewController.swift; sourceTree = "<group>"; };
		CE280192212575E20066B344 /* ContactItem.swift */ = {isa = PBXFileReference; lastKnownFileType = sourcecode.swift; path = ContactItem.swift; sourceTree = "<group>"; };
		CE2801942125A55D0066B344 /* RxApollo.swift */ = {isa = PBXFileReference; lastKnownFileType = sourcecode.swift; path = RxApollo.swift; sourceTree = "<group>"; };
		CE34B4AA211E787000F92D50 /* UpsertUser.graphql */ = {isa = PBXFileReference; fileEncoding = 4; lastKnownFileType = text; path = UpsertUser.graphql; sourceTree = "<group>"; };
		CE34B4AB211E787000F92D50 /* DeletePromiseById.graphql */ = {isa = PBXFileReference; fileEncoding = 4; lastKnownFileType = text; path = DeletePromiseById.graphql; sourceTree = "<group>"; };
		CE34B4AC211E787000F92D50 /* GetUserWithPromises.graphql */ = {isa = PBXFileReference; fileEncoding = 4; lastKnownFileType = text; path = GetUserWithPromises.graphql; sourceTree = "<group>"; };
		CE34B4AD211E787000F92D50 /* UpdatePromise.graphql */ = {isa = PBXFileReference; fileEncoding = 4; lastKnownFileType = text; path = UpdatePromise.graphql; sourceTree = "<group>"; };
		CE34B4AE211E787000F92D50 /* SendPush.graphql */ = {isa = PBXFileReference; fileEncoding = 4; lastKnownFileType = text; path = SendPush.graphql; sourceTree = "<group>"; };
		CE34B4AF211E787100F92D50 /* GetPromise.graphql */ = {isa = PBXFileReference; fileEncoding = 4; lastKnownFileType = text; path = GetPromise.graphql; sourceTree = "<group>"; };
		CE34B4B0211E787100F92D50 /* AddPromise.graphql */ = {isa = PBXFileReference; fileEncoding = 4; lastKnownFileType = text; path = AddPromise.graphql; sourceTree = "<group>"; };
		CE34B4B1211E787100F92D50 /* RelocatePocket.graphql */ = {isa = PBXFileReference; fileEncoding = 4; lastKnownFileType = text; path = RelocatePocket.graphql; sourceTree = "<group>"; };
		CE34B4B3211E787100F92D50 /* AttachToken.graphql */ = {isa = PBXFileReference; fileEncoding = 4; lastKnownFileType = text; path = AttachToken.graphql; sourceTree = "<group>"; };
		CE34B4B4211E787100F92D50 /* GetPocket.graphql */ = {isa = PBXFileReference; fileEncoding = 4; lastKnownFileType = text; path = GetPocket.graphql; sourceTree = "<group>"; };
		CE34B4B5211E787100F92D50 /* schemaBackup.json */ = {isa = PBXFileReference; fileEncoding = 4; lastKnownFileType = text.json; path = schemaBackup.json; sourceTree = "<group>"; };
		CE34B4C2211E86A000F92D50 /* GoogleService-Info.plist */ = {isa = PBXFileReference; fileEncoding = 4; lastKnownFileType = text.plist.xml; path = "GoogleService-Info.plist"; sourceTree = "<group>"; };
		CE34B4C4211E96FA00F92D50 /* PhoneCheckViewController.swift */ = {isa = PBXFileReference; lastKnownFileType = sourcecode.swift; path = PhoneCheckViewController.swift; sourceTree = "<group>"; };
		CE34B4CA211EFE7800F92D50 /* PromiseTableViewCell.swift */ = {isa = PBXFileReference; lastKnownFileType = sourcecode.swift; path = PromiseTableViewCell.swift; sourceTree = "<group>"; };
		CE77EDC721207191007A6BF6 /* NewPromiseViewController.swift */ = {isa = PBXFileReference; lastKnownFileType = sourcecode.swift; path = NewPromiseViewController.swift; sourceTree = "<group>"; };
		CE77EDC9212071F9007A6BF6 /* NewPromiseScene.swift */ = {isa = PBXFileReference; lastKnownFileType = sourcecode.swift; path = NewPromiseScene.swift; sourceTree = "<group>"; };
		CE77EDCB21207204007A6BF6 /* NewPromiseViewModel.swift */ = {isa = PBXFileReference; lastKnownFileType = sourcecode.swift; path = NewPromiseViewModel.swift; sourceTree = "<group>"; };
		CE77EDCD21208A7E007A6BF6 /* PromiseDetailViewController.swift */ = {isa = PBXFileReference; lastKnownFileType = sourcecode.swift; path = PromiseDetailViewController.swift; sourceTree = "<group>"; };
		CE77EDD021209649007A6BF6 /* DatePopupViewController.swift */ = {isa = PBXFileReference; lastKnownFileType = sourcecode.swift; path = DatePopupViewController.swift; sourceTree = "<group>"; };
		CE77EDD221209655007A6BF6 /* TimePopupViewController.swift */ = {isa = PBXFileReference; lastKnownFileType = sourcecode.swift; path = TimePopupViewController.swift; sourceTree = "<group>"; };
		CE7D368F20DA7D2E003E8823 /* KakaoOpenSDK.framework */ = {isa = PBXFileReference; lastKnownFileType = wrapper.framework; path = KakaoOpenSDK.framework; sourceTree = "<group>"; };
		CE7D369120DA803B003E8823 /* KakaoOpenSDK-Bridging-Header.h */ = {isa = PBXFileReference; lastKnownFileType = sourcecode.c.h; path = "KakaoOpenSDK-Bridging-Header.h"; sourceTree = "<group>"; };
		CE7D369C20DA952D003E8823 /* ApolloAPIService.swift */ = {isa = PBXFileReference; fileEncoding = 4; lastKnownFileType = sourcecode.swift; path = ApolloAPIService.swift; sourceTree = "<group>"; };
		CE825F8F21205BF800697F52 /* Util.swift */ = {isa = PBXFileReference; lastKnownFileType = sourcecode.swift; path = Util.swift; sourceTree = "<group>"; };
		CEAD38B221230B63009B0A5A /* MemberSelectTableViewCell.swift */ = {isa = PBXFileReference; lastKnownFileType = sourcecode.swift; path = MemberSelectTableViewCell.swift; sourceTree = "<group>"; };
		CEB41EF82115C3FF006BC729 /* SceneCoordinatorType.swift */ = {isa = PBXFileReference; fileEncoding = 4; lastKnownFileType = sourcecode.swift; path = SceneCoordinatorType.swift; sourceTree = "<group>"; };
		CEB41EF92115C3FF006BC729 /* SceneTransitionType.swift */ = {isa = PBXFileReference; fileEncoding = 4; lastKnownFileType = sourcecode.swift; path = SceneTransitionType.swift; sourceTree = "<group>"; };
		CEB41EFA2115C3FF006BC729 /* Scene.swift */ = {isa = PBXFileReference; fileEncoding = 4; lastKnownFileType = sourcecode.swift; path = Scene.swift; sourceTree = "<group>"; };
		CEB41EFB2115C3FF006BC729 /* Scene+ViewController.swift */ = {isa = PBXFileReference; fileEncoding = 4; lastKnownFileType = sourcecode.swift; path = "Scene+ViewController.swift"; sourceTree = "<group>"; };
		CEB41EFC2115C3FF006BC729 /* AppCoordinator.swift */ = {isa = PBXFileReference; fileEncoding = 4; lastKnownFileType = sourcecode.swift; path = AppCoordinator.swift; sourceTree = "<group>"; };
		CEB41F022115C41B006BC729 /* BindableTypes.swift */ = {isa = PBXFileReference; lastKnownFileType = sourcecode.swift; path = BindableTypes.swift; sourceTree = "<group>"; };
		CEB41F042115C484006BC729 /* MainScene.swift */ = {isa = PBXFileReference; lastKnownFileType = sourcecode.swift; path = MainScene.swift; sourceTree = "<group>"; };
		CEB41F062115C4A6006BC729 /* MainViewModel.swift */ = {isa = PBXFileReference; lastKnownFileType = sourcecode.swift; path = MainViewModel.swift; sourceTree = "<group>"; };
		CEB41F082115C4F4006BC729 /* EntranceViewController.swift */ = {isa = PBXFileReference; lastKnownFileType = sourcecode.swift; path = EntranceViewController.swift; sourceTree = "<group>"; };
		CEB41F0A2115C52A006BC729 /* PermissionsViewController.swift */ = {isa = PBXFileReference; lastKnownFileType = sourcecode.swift; path = PermissionsViewController.swift; sourceTree = "<group>"; };
		CED44215211F081D000D2A8C /* MemberCollectionViewCell.swift */ = {isa = PBXFileReference; lastKnownFileType = sourcecode.swift; path = MemberCollectionViewCell.swift; sourceTree = "<group>"; };
		CED44216211F081D000D2A8C /* MemberCollectionViewCell.xib */ = {isa = PBXFileReference; lastKnownFileType = file.xib; path = MemberCollectionViewCell.xib; sourceTree = "<group>"; };
		CED4CCAA20C979040063D89F /* Audigo-iOS.app */ = {isa = PBXFileReference; explicitFileType = wrapper.application; includeInIndex = 0; path = "Audigo-iOS.app"; sourceTree = BUILT_PRODUCTS_DIR; };
		CED4CCAD20C979040063D89F /* AppDelegate.swift */ = {isa = PBXFileReference; lastKnownFileType = sourcecode.swift; path = AppDelegate.swift; sourceTree = "<group>"; };
		CED4CCAF20C979040063D89F /* MainViewController.swift */ = {isa = PBXFileReference; lastKnownFileType = sourcecode.swift; path = MainViewController.swift; sourceTree = "<group>"; };
		CED4CCB220C979040063D89F /* Base */ = {isa = PBXFileReference; lastKnownFileType = file.storyboard; name = Base; path = Base.lproj/Main.storyboard; sourceTree = "<group>"; };
		CED4CCB520C979040063D89F /* Audigo_iOS.xcdatamodel */ = {isa = PBXFileReference; lastKnownFileType = wrapper.xcdatamodel; path = Audigo_iOS.xcdatamodel; sourceTree = "<group>"; };
		CED4CCB720C979060063D89F /* Assets.xcassets */ = {isa = PBXFileReference; lastKnownFileType = folder.assetcatalog; path = Assets.xcassets; sourceTree = "<group>"; };
		CED4CCBA20C979060063D89F /* Base */ = {isa = PBXFileReference; lastKnownFileType = file.storyboard; name = Base; path = Base.lproj/LaunchScreen.storyboard; sourceTree = "<group>"; };
		CED4CCBC20C979060063D89F /* Info.plist */ = {isa = PBXFileReference; lastKnownFileType = text.plist.xml; path = Info.plist; sourceTree = "<group>"; };
		CED4CCC120C979060063D89F /* Audigo-iOSTests.xctest */ = {isa = PBXFileReference; explicitFileType = wrapper.cfbundle; includeInIndex = 0; path = "Audigo-iOSTests.xctest"; sourceTree = BUILT_PRODUCTS_DIR; };
		CED4CCC520C979060063D89F /* Audigo_iOSTests.swift */ = {isa = PBXFileReference; lastKnownFileType = sourcecode.swift; path = Audigo_iOSTests.swift; sourceTree = "<group>"; };
		CED4CCC720C979060063D89F /* Info.plist */ = {isa = PBXFileReference; lastKnownFileType = text.plist.xml; path = Info.plist; sourceTree = "<group>"; };
		CED4CCCC20C979060063D89F /* Audigo-iOSUITests.xctest */ = {isa = PBXFileReference; explicitFileType = wrapper.cfbundle; includeInIndex = 0; path = "Audigo-iOSUITests.xctest"; sourceTree = BUILT_PRODUCTS_DIR; };
		CED4CCD020C979060063D89F /* Audigo_iOSUITests.swift */ = {isa = PBXFileReference; lastKnownFileType = sourcecode.swift; path = Audigo_iOSUITests.swift; sourceTree = "<group>"; };
		CED4CCD220C979060063D89F /* Info.plist */ = {isa = PBXFileReference; lastKnownFileType = text.plist.xml; path = Info.plist; sourceTree = "<group>"; };
		CEEE5D9B212717090023E2FC /* UITableView+Ext.swift */ = {isa = PBXFileReference; lastKnownFileType = sourcecode.swift; path = "UITableView+Ext.swift"; sourceTree = "<group>"; };
		CEEE5D9D2127D5BA0023E2FC /* PromiseDetailScene.swift */ = {isa = PBXFileReference; lastKnownFileType = sourcecode.swift; path = PromiseDetailScene.swift; sourceTree = "<group>"; };
		CEEE5D9F2127D6540023E2FC /* PromiseDetailViewModel.swift */ = {isa = PBXFileReference; lastKnownFileType = sourcecode.swift; path = PromiseDetailViewModel.swift; sourceTree = "<group>"; };
		CEEE5DA4212817F50023E2FC /* PromiseDetailUserTableViewCell.swift */ = {isa = PBXFileReference; lastKnownFileType = sourcecode.swift; path = PromiseDetailUserTableViewCell.swift; sourceTree = "<group>"; };
		CEEE5DA62128433F0023E2FC /* R.generated.swift */ = {isa = PBXFileReference; fileEncoding = 4; lastKnownFileType = sourcecode.swift; path = R.generated.swift; sourceTree = "<group>"; };
		DA147B49087C78684F7FF21E /* Pods-Audigo-iOSTests.release.xcconfig */ = {isa = PBXFileReference; includeInIndex = 1; lastKnownFileType = text.xcconfig; name = "Pods-Audigo-iOSTests.release.xcconfig"; path = "Pods/Target Support Files/Pods-Audigo-iOSTests/Pods-Audigo-iOSTests.release.xcconfig"; sourceTree = "<group>"; };
		E85035A84CDA31ECF6853A28 /* Pods-Audigo-iOS.release.xcconfig */ = {isa = PBXFileReference; includeInIndex = 1; lastKnownFileType = text.xcconfig; name = "Pods-Audigo-iOS.release.xcconfig"; path = "Pods/Target Support Files/Pods-Audigo-iOS/Pods-Audigo-iOS.release.xcconfig"; sourceTree = "<group>"; };
		EF180CA1884787B3CEF28CED /* Pods_Audigo_iOSUITests.framework */ = {isa = PBXFileReference; explicitFileType = wrapper.framework; includeInIndex = 0; path = Pods_Audigo_iOSUITests.framework; sourceTree = BUILT_PRODUCTS_DIR; };
/* End PBXFileReference section */

/* Begin PBXFrameworksBuildPhase section */
		CED4CCA720C979040063D89F /* Frameworks */ = {
			isa = PBXFrameworksBuildPhase;
			buildActionMask = 2147483647;
			files = (
				DAA9A1DE40416DAD7F13D98E /* Pods_Audigo_iOS.framework in Frameworks */,
				CE7D369020DA7D2E003E8823 /* KakaoOpenSDK.framework in Frameworks */,
			);
			runOnlyForDeploymentPostprocessing = 0;
		};
		CED4CCBE20C979060063D89F /* Frameworks */ = {
			isa = PBXFrameworksBuildPhase;
			buildActionMask = 2147483647;
			files = (
				2D21762642317F57372FC052 /* Pods_Audigo_iOSTests.framework in Frameworks */,
			);
			runOnlyForDeploymentPostprocessing = 0;
		};
		CED4CCC920C979060063D89F /* Frameworks */ = {
			isa = PBXFrameworksBuildPhase;
			buildActionMask = 2147483647;
			files = (
				A0481508A224CCDA166030F8 /* Pods_Audigo_iOSUITests.framework in Frameworks */,
			);
			runOnlyForDeploymentPostprocessing = 0;
		};
/* End PBXFrameworksBuildPhase section */

/* Begin PBXGroup section */
		CDC07E9AFC673E36494025A4 /* Pods */ = {
			isa = PBXGroup;
			children = (
				CA541320104F8C0FED8535D0 /* Pods-Audigo-iOS.debug.xcconfig */,
				E85035A84CDA31ECF6853A28 /* Pods-Audigo-iOS.release.xcconfig */,
				A15A740631A4179D9F919E4F /* Pods-Audigo-iOSTests.debug.xcconfig */,
				DA147B49087C78684F7FF21E /* Pods-Audigo-iOSTests.release.xcconfig */,
				48800521CEAD7FE421842A0E /* Pods-Audigo-iOSUITests.debug.xcconfig */,
				B5DF70456DCA29CA99440351 /* Pods-Audigo-iOSUITests.release.xcconfig */,
			);
			name = Pods;
			sourceTree = "<group>";
		};
		CE280191212575B10066B344 /* Data */ = {
			isa = PBXGroup;
			children = (
				CE280192212575E20066B344 /* ContactItem.swift */,
			);
			path = Data;
			sourceTree = "<group>";
		};
		CE77EDC521206AE4007A6BF6 /* Detail */ = {
			isa = PBXGroup;
			children = (
				CE77EDCD21208A7E007A6BF6 /* PromiseDetailViewController.swift */,
				CEEE5D9D2127D5BA0023E2FC /* PromiseDetailScene.swift */,
				CEEE5D9F2127D6540023E2FC /* PromiseDetailViewModel.swift */,
				CEEE5DA4212817F50023E2FC /* PromiseDetailUserTableViewCell.swift */,
			);
			path = Detail;
			sourceTree = "<group>";
		};
		CE77EDC621206AF4007A6BF6 /* Add */ = {
			isa = PBXGroup;
			children = (
				CE77EDC721207191007A6BF6 /* NewPromiseViewController.swift */,
				CE77EDC9212071F9007A6BF6 /* NewPromiseScene.swift */,
				CE77EDCB21207204007A6BF6 /* NewPromiseViewModel.swift */,
				CE25BB972121D94A00D1273C /* MemberSelectViewController.swift */,
				CEAD38B221230B63009B0A5A /* MemberSelectTableViewCell.swift */,
			);
			path = Add;
			sourceTree = "<group>";
		};
		CE77EDCF2120962E007A6BF6 /* Common */ = {
			isa = PBXGroup;
			children = (
				CE77EDD021209649007A6BF6 /* DatePopupViewController.swift */,
				CE77EDD221209655007A6BF6 /* TimePopupViewController.swift */,
			);
			path = Common;
			sourceTree = "<group>";
		};
		CEB41EF52115C227006BC729 /* App */ = {
			isa = PBXGroup;
			children = (
				CE7D369C20DA952D003E8823 /* ApolloAPIService.swift */,
				CED4CCAD20C979040063D89F /* AppDelegate.swift */,
				CE0B6A87211C927A003FA382 /* BaseViewModel.swift */,
				CE825F8F21205BF800697F52 /* Util.swift */,
				CE2801942125A55D0066B344 /* RxApollo.swift */,
			);
			path = App;
			sourceTree = "<group>";
		};
		CEB41EF62115C2AF006BC729 /* UI */ = {
			isa = PBXGroup;
			children = (
				CE77EDCF2120962E007A6BF6 /* Common */,
				CE77EDC621206AF4007A6BF6 /* Add */,
				CE77EDC521206AE4007A6BF6 /* Detail */,
				CEB41F0D2115C545006BC729 /* Enter */,
				CEB41F0C2115C541006BC729 /* Main */,
				CEB41F022115C41B006BC729 /* BindableTypes.swift */,
			);
			path = UI;
			sourceTree = "<group>";
		};
		CEB41EF72115C3A4006BC729 /* Coordinator */ = {
			isa = PBXGroup;
			children = (
				CEB41EFC2115C3FF006BC729 /* AppCoordinator.swift */,
				CEB41EFA2115C3FF006BC729 /* Scene.swift */,
				CEB41EFB2115C3FF006BC729 /* Scene+ViewController.swift */,
				CEB41EF82115C3FF006BC729 /* SceneCoordinatorType.swift */,
				CEB41EF92115C3FF006BC729 /* SceneTransitionType.swift */,
			);
			path = Coordinator;
			sourceTree = "<group>";
		};
		CEB41F0C2115C541006BC729 /* Main */ = {
			isa = PBXGroup;
			children = (
				CED4CCAF20C979040063D89F /* MainViewController.swift */,
				CEB41F042115C484006BC729 /* MainScene.swift */,
				CEB41F062115C4A6006BC729 /* MainViewModel.swift */,
				CE34B4CA211EFE7800F92D50 /* PromiseTableViewCell.swift */,
				CED44215211F081D000D2A8C /* MemberCollectionViewCell.swift */,
				CED44216211F081D000D2A8C /* MemberCollectionViewCell.xib */,
			);
			path = Main;
			sourceTree = "<group>";
		};
		CEB41F0D2115C545006BC729 /* Enter */ = {
			isa = PBXGroup;
			children = (
				CEB41F082115C4F4006BC729 /* EntranceViewController.swift */,
				CEB41F0A2115C52A006BC729 /* PermissionsViewController.swift */,
				CE34B4C4211E96FA00F92D50 /* PhoneCheckViewController.swift */,
			);
			path = Enter;
			sourceTree = "<group>";
		};
		CED4CCA120C979040063D89F = {
			isa = PBXGroup;
			children = (
				CE7D369120DA803B003E8823 /* KakaoOpenSDK-Bridging-Header.h */,
				CEEE5DA62128433F0023E2FC /* R.generated.swift */,
				CED4CCAC20C979040063D89F /* Audigo-iOS */,
				CED4CCC420C979060063D89F /* Audigo-iOSTests */,
				CED4CCCF20C979060063D89F /* Audigo-iOSUITests */,
				CED4CCAB20C979040063D89F /* Products */,
				CDC07E9AFC673E36494025A4 /* Pods */,
				FCC8BC3FA2F2707845E1B047 /* Frameworks */,
			);
			sourceTree = "<group>";
		};
		CED4CCAB20C979040063D89F /* Products */ = {
			isa = PBXGroup;
			children = (
				CED4CCAA20C979040063D89F /* Audigo-iOS.app */,
				CED4CCC120C979060063D89F /* Audigo-iOSTests.xctest */,
				CED4CCCC20C979060063D89F /* Audigo-iOSUITests.xctest */,
			);
			name = Products;
			sourceTree = "<group>";
		};
		CED4CCAC20C979040063D89F /* Audigo-iOS */ = {
			isa = PBXGroup;
			children = (
				CE34B4C2211E86A000F92D50 /* GoogleService-Info.plist */,
				CED4CCBC20C979060063D89F /* Info.plist */,
				CEB41EF52115C227006BC729 /* App */,
				CEEE5DA1212814AB0023E2FC /* Assets */,
				CEB41EF72115C3A4006BC729 /* Coordinator */,
				CE280191212575B10066B344 /* Data */,
				CEEF4B942117260B002BEF65 /* Resource */,
				CEB41EF62115C2AF006BC729 /* UI */,
				CEEE5D9A2127149B0023E2FC /* Utility */,
			);
			path = "Audigo-iOS";
			sourceTree = "<group>";
		};
		CED4CCC420C979060063D89F /* Audigo-iOSTests */ = {
			isa = PBXGroup;
			children = (
				CED4CCC520C979060063D89F /* Audigo_iOSTests.swift */,
				CED4CCC720C979060063D89F /* Info.plist */,
			);
			path = "Audigo-iOSTests";
			sourceTree = "<group>";
		};
		CED4CCCF20C979060063D89F /* Audigo-iOSUITests */ = {
			isa = PBXGroup;
			children = (
				CED4CCD020C979060063D89F /* Audigo_iOSUITests.swift */,
				CED4CCD220C979060063D89F /* Info.plist */,
			);
			path = "Audigo-iOSUITests";
			sourceTree = "<group>";
		};
		CEEE5D9A2127149B0023E2FC /* Utility */ = {
			isa = PBXGroup;
			children = (
				CEEE5D9B212717090023E2FC /* UITableView+Ext.swift */,
			);
			path = Utility;
			sourceTree = "<group>";
		};
		CEEE5DA1212814AB0023E2FC /* Assets */ = {
			isa = PBXGroup;
			children = (
				CED4CCB420C979040063D89F /* Audigo_iOS.xcdatamodeld */,
				CED4CCB920C979060063D89F /* LaunchScreen.storyboard */,
				CED4CCB120C979040063D89F /* Main.storyboard */,
			);
			path = Assets;
			sourceTree = "<group>";
		};
		CEEF4B942117260B002BEF65 /* Resource */ = {
			isa = PBXGroup;
			children = (
				CE34B4B0211E787100F92D50 /* AddPromise.graphql */,
				CE34B4B3211E787100F92D50 /* AttachToken.graphql */,
				CE34B4AB211E787000F92D50 /* DeletePromiseById.graphql */,
				CE34B4B4211E787100F92D50 /* GetPocket.graphql */,
				CE34B4AF211E787100F92D50 /* GetPromise.graphql */,
				CE34B4AC211E787000F92D50 /* GetUserWithPromises.graphql */,
				CE34B4B1211E787100F92D50 /* RelocatePocket.graphql */,
				CE34B4B5211E787100F92D50 /* schemaBackup.json */,
				CE34B4AE211E787000F92D50 /* SendPush.graphql */,
				CE34B4AD211E787000F92D50 /* UpdatePromise.graphql */,
				CE34B4AA211E787000F92D50 /* UpsertUser.graphql */,
				CED4CCB720C979060063D89F /* Assets.xcassets */,
			);
			path = Resource;
			sourceTree = "<group>";
		};
		FCC8BC3FA2F2707845E1B047 /* Frameworks */ = {
			isa = PBXGroup;
			children = (
				CE7D368F20DA7D2E003E8823 /* KakaoOpenSDK.framework */,
				037C740967F5570A44C65A3B /* Pods_Audigo_iOS.framework */,
				6C23B93B7ECC5C9C81403950 /* Pods_Audigo_iOSTests.framework */,
				EF180CA1884787B3CEF28CED /* Pods_Audigo_iOSUITests.framework */,
			);
			name = Frameworks;
			sourceTree = "<group>";
		};
/* End PBXGroup section */

/* Begin PBXNativeTarget section */
		CED4CCA920C979040063D89F /* Audigo-iOS */ = {
			isa = PBXNativeTarget;
			buildConfigurationList = CED4CCD520C979060063D89F /* Build configuration list for PBXNativeTarget "Audigo-iOS" */;
			buildPhases = (
				4998EC94FBBA764A6C27DB0C /* [CP] Check Pods Manifest.lock */,
				CE7D369220DA8504003E8823 /* Run R.Swift Phase */,
				CE7D369520DA8A3F003E8823 /* Generate Apollo GraphQL API */,
				CED4CCA620C979040063D89F /* Sources */,
				CED4CCA720C979040063D89F /* Frameworks */,
				CED4CCA820C979040063D89F /* Resources */,
				210452AA7CCAAE35815164FE /* [CP] Embed Pods Frameworks */,
				10EAA5BE51508375557439EF /* [CP] Copy Pods Resources */,
			);
			buildRules = (
			);
			dependencies = (
			);
			name = "Audigo-iOS";
			productName = "Audigo-iOS";
			productReference = CED4CCAA20C979040063D89F /* Audigo-iOS.app */;
			productType = "com.apple.product-type.application";
		};
		CED4CCC020C979060063D89F /* Audigo-iOSTests */ = {
			isa = PBXNativeTarget;
			buildConfigurationList = CED4CCD820C979060063D89F /* Build configuration list for PBXNativeTarget "Audigo-iOSTests" */;
			buildPhases = (
				D7429C5682F781A87B88FE5B /* [CP] Check Pods Manifest.lock */,
				CED4CCBD20C979060063D89F /* Sources */,
				CED4CCBE20C979060063D89F /* Frameworks */,
				CED4CCBF20C979060063D89F /* Resources */,
			);
			buildRules = (
			);
			dependencies = (
				CED4CCC320C979060063D89F /* PBXTargetDependency */,
			);
			name = "Audigo-iOSTests";
			productName = "Audigo-iOSTests";
			productReference = CED4CCC120C979060063D89F /* Audigo-iOSTests.xctest */;
			productType = "com.apple.product-type.bundle.unit-test";
		};
		CED4CCCB20C979060063D89F /* Audigo-iOSUITests */ = {
			isa = PBXNativeTarget;
			buildConfigurationList = CED4CCDB20C979060063D89F /* Build configuration list for PBXNativeTarget "Audigo-iOSUITests" */;
			buildPhases = (
				D02596870FAEDD9BABFE5494 /* [CP] Check Pods Manifest.lock */,
				CED4CCC820C979060063D89F /* Sources */,
				CED4CCC920C979060063D89F /* Frameworks */,
				CED4CCCA20C979060063D89F /* Resources */,
			);
			buildRules = (
			);
			dependencies = (
				CED4CCCE20C979060063D89F /* PBXTargetDependency */,
			);
			name = "Audigo-iOSUITests";
			productName = "Audigo-iOSUITests";
			productReference = CED4CCCC20C979060063D89F /* Audigo-iOSUITests.xctest */;
			productType = "com.apple.product-type.bundle.ui-testing";
		};
/* End PBXNativeTarget section */

/* Begin PBXProject section */
		CED4CCA220C979040063D89F /* Project object */ = {
			isa = PBXProject;
			attributes = {
				LastSwiftUpdateCheck = 0930;
				LastUpgradeCheck = 0930;
				ORGANIZATIONNAME = BlackBurn;
				TargetAttributes = {
					CED4CCA920C979040063D89F = {
						CreatedOnToolsVersion = 9.3.1;
					};
					CED4CCC020C979060063D89F = {
						CreatedOnToolsVersion = 9.3.1;
						TestTargetID = CED4CCA920C979040063D89F;
					};
					CED4CCCB20C979060063D89F = {
						CreatedOnToolsVersion = 9.3.1;
						TestTargetID = CED4CCA920C979040063D89F;
					};
				};
			};
			buildConfigurationList = CED4CCA520C979040063D89F /* Build configuration list for PBXProject "Audigo-iOS" */;
			compatibilityVersion = "Xcode 9.3";
			developmentRegion = en;
			hasScannedForEncodings = 0;
			knownRegions = (
				en,
				Base,
			);
			mainGroup = CED4CCA120C979040063D89F;
			productRefGroup = CED4CCAB20C979040063D89F /* Products */;
			projectDirPath = "";
			projectRoot = "";
			targets = (
				CED4CCA920C979040063D89F /* Audigo-iOS */,
				CED4CCC020C979060063D89F /* Audigo-iOSTests */,
				CED4CCCB20C979060063D89F /* Audigo-iOSUITests */,
			);
		};
/* End PBXProject section */

/* Begin PBXResourcesBuildPhase section */
		CED4CCA820C979040063D89F /* Resources */ = {
			isa = PBXResourcesBuildPhase;
			buildActionMask = 2147483647;
			files = (
				CED4CCBB20C979060063D89F /* LaunchScreen.storyboard in Resources */,
				CE34B4BB211E787100F92D50 /* GetPromise.graphql in Resources */,
				CE34B4C3211E86A000F92D50 /* GoogleService-Info.plist in Resources */,
				CE34B4B9211E787100F92D50 /* UpdatePromise.graphql in Resources */,
				CE34B4B8211E787100F92D50 /* GetUserWithPromises.graphql in Resources */,
				CE34B4B6211E787100F92D50 /* UpsertUser.graphql in Resources */,
				CE34B4BC211E787100F92D50 /* AddPromise.graphql in Resources */,
				CED4CCB820C979060063D89F /* Assets.xcassets in Resources */,
				CE34B4BF211E787100F92D50 /* AttachToken.graphql in Resources */,
				CE34B4B7211E787100F92D50 /* DeletePromiseById.graphql in Resources */,
				CE34B4C0211E787100F92D50 /* GetPocket.graphql in Resources */,
				CE34B4BD211E787100F92D50 /* RelocatePocket.graphql in Resources */,
				CED44218211F081D000D2A8C /* MemberCollectionViewCell.xib in Resources */,
				CED4CCB320C979040063D89F /* Main.storyboard in Resources */,
				CE34B4BA211E787100F92D50 /* SendPush.graphql in Resources */,
				CE34B4C1211E787100F92D50 /* schemaBackup.json in Resources */,
			);
			runOnlyForDeploymentPostprocessing = 0;
		};
		CED4CCBF20C979060063D89F /* Resources */ = {
			isa = PBXResourcesBuildPhase;
			buildActionMask = 2147483647;
			files = (
			);
			runOnlyForDeploymentPostprocessing = 0;
		};
		CED4CCCA20C979060063D89F /* Resources */ = {
			isa = PBXResourcesBuildPhase;
			buildActionMask = 2147483647;
			files = (
			);
			runOnlyForDeploymentPostprocessing = 0;
		};
/* End PBXResourcesBuildPhase section */

/* Begin PBXShellScriptBuildPhase section */
		10EAA5BE51508375557439EF /* [CP] Copy Pods Resources */ = {
			isa = PBXShellScriptBuildPhase;
			buildActionMask = 2147483647;
			files = (
			);
			inputPaths = (
				"${SRCROOT}/Pods/Target Support Files/Pods-Audigo-iOS/Pods-Audigo-iOS-resources.sh",
				"${PODS_ROOT}/GoogleMaps/Maps/Frameworks/GoogleMaps.framework/Resources/GoogleMaps.bundle",
				"${PODS_ROOT}/GooglePlaces/Frameworks/GooglePlaces.framework/Resources/GooglePlaces.bundle",
			);
			name = "[CP] Copy Pods Resources";
			outputPaths = (
				"${TARGET_BUILD_DIR}/${UNLOCALIZED_RESOURCES_FOLDER_PATH}/GoogleMaps.bundle",
				"${TARGET_BUILD_DIR}/${UNLOCALIZED_RESOURCES_FOLDER_PATH}/GooglePlaces.bundle",
			);
			runOnlyForDeploymentPostprocessing = 0;
			shellPath = /bin/sh;
			shellScript = "\"${SRCROOT}/Pods/Target Support Files/Pods-Audigo-iOS/Pods-Audigo-iOS-resources.sh\"\n";
			showEnvVarsInLog = 0;
		};
		210452AA7CCAAE35815164FE /* [CP] Embed Pods Frameworks */ = {
			isa = PBXShellScriptBuildPhase;
			buildActionMask = 2147483647;
			files = (
			);
			inputPaths = (
				"${SRCROOT}/Pods/Target Support Files/Pods-Audigo-iOS/Pods-Audigo-iOS-frameworks.sh",
				"${BUILT_PRODUCTS_DIR}/Action/Action.framework",
				"${BUILT_PRODUCTS_DIR}/Apollo/Apollo.framework",
				"${BUILT_PRODUCTS_DIR}/Differentiator/Differentiator.framework",
				"${BUILT_PRODUCTS_DIR}/GTMSessionFetcher/GTMSessionFetcher.framework",
				"${BUILT_PRODUCTS_DIR}/GoogleToolboxForMac/GoogleToolboxForMac.framework",
				"${BUILT_PRODUCTS_DIR}/Kingfisher/Kingfisher.framework",
				"${BUILT_PRODUCTS_DIR}/NSObject+Rx/NSObject_Rx.framework",
				"${BUILT_PRODUCTS_DIR}/Permission/Permission.framework",
				"${BUILT_PRODUCTS_DIR}/R.swift.Library/Rswift.framework",
				"${BUILT_PRODUCTS_DIR}/Realm/Realm.framework",
				"${BUILT_PRODUCTS_DIR}/RealmSwift/RealmSwift.framework",
				"${BUILT_PRODUCTS_DIR}/RxCocoa/RxCocoa.framework",
				"${BUILT_PRODUCTS_DIR}/RxDataSources/RxDataSources.framework",
				"${BUILT_PRODUCTS_DIR}/RxGesture/RxGesture.framework",
				"${BUILT_PRODUCTS_DIR}/RxKeyboard/RxKeyboard.framework",
				"${BUILT_PRODUCTS_DIR}/RxSwift/RxSwift.framework",
				"${BUILT_PRODUCTS_DIR}/SwiftyContacts/SwiftyContacts.framework",
				"${BUILT_PRODUCTS_DIR}/nanopb/nanopb.framework",
			);
			name = "[CP] Embed Pods Frameworks";
			outputPaths = (
				"${TARGET_BUILD_DIR}/${FRAMEWORKS_FOLDER_PATH}/Action.framework",
				"${TARGET_BUILD_DIR}/${FRAMEWORKS_FOLDER_PATH}/Apollo.framework",
				"${TARGET_BUILD_DIR}/${FRAMEWORKS_FOLDER_PATH}/Differentiator.framework",
				"${TARGET_BUILD_DIR}/${FRAMEWORKS_FOLDER_PATH}/GTMSessionFetcher.framework",
				"${TARGET_BUILD_DIR}/${FRAMEWORKS_FOLDER_PATH}/GoogleToolboxForMac.framework",
				"${TARGET_BUILD_DIR}/${FRAMEWORKS_FOLDER_PATH}/Kingfisher.framework",
				"${TARGET_BUILD_DIR}/${FRAMEWORKS_FOLDER_PATH}/NSObject_Rx.framework",
				"${TARGET_BUILD_DIR}/${FRAMEWORKS_FOLDER_PATH}/Permission.framework",
				"${TARGET_BUILD_DIR}/${FRAMEWORKS_FOLDER_PATH}/Rswift.framework",
				"${TARGET_BUILD_DIR}/${FRAMEWORKS_FOLDER_PATH}/Realm.framework",
				"${TARGET_BUILD_DIR}/${FRAMEWORKS_FOLDER_PATH}/RealmSwift.framework",
				"${TARGET_BUILD_DIR}/${FRAMEWORKS_FOLDER_PATH}/RxCocoa.framework",
				"${TARGET_BUILD_DIR}/${FRAMEWORKS_FOLDER_PATH}/RxDataSources.framework",
				"${TARGET_BUILD_DIR}/${FRAMEWORKS_FOLDER_PATH}/RxGesture.framework",
				"${TARGET_BUILD_DIR}/${FRAMEWORKS_FOLDER_PATH}/RxKeyboard.framework",
				"${TARGET_BUILD_DIR}/${FRAMEWORKS_FOLDER_PATH}/RxSwift.framework",
				"${TARGET_BUILD_DIR}/${FRAMEWORKS_FOLDER_PATH}/SwiftyContacts.framework",
				"${TARGET_BUILD_DIR}/${FRAMEWORKS_FOLDER_PATH}/nanopb.framework",
			);
			runOnlyForDeploymentPostprocessing = 0;
			shellPath = /bin/sh;
			shellScript = "\"${SRCROOT}/Pods/Target Support Files/Pods-Audigo-iOS/Pods-Audigo-iOS-frameworks.sh\"\n";
			showEnvVarsInLog = 0;
		};
		4998EC94FBBA764A6C27DB0C /* [CP] Check Pods Manifest.lock */ = {
			isa = PBXShellScriptBuildPhase;
			buildActionMask = 2147483647;
			files = (
			);
			inputPaths = (
				"${PODS_PODFILE_DIR_PATH}/Podfile.lock",
				"${PODS_ROOT}/Manifest.lock",
			);
			name = "[CP] Check Pods Manifest.lock";
			outputPaths = (
				"$(DERIVED_FILE_DIR)/Pods-Audigo-iOS-checkManifestLockResult.txt",
			);
			runOnlyForDeploymentPostprocessing = 0;
			shellPath = /bin/sh;
			shellScript = "diff \"${PODS_PODFILE_DIR_PATH}/Podfile.lock\" \"${PODS_ROOT}/Manifest.lock\" > /dev/null\nif [ $? != 0 ] ; then\n    # print error to STDERR\n    echo \"error: The sandbox is not in sync with the Podfile.lock. Run 'pod install' or update your CocoaPods installation.\" >&2\n    exit 1\nfi\n# This output is used by Xcode 'outputs' to avoid re-running this script phase.\necho \"SUCCESS\" > \"${SCRIPT_OUTPUT_FILE_0}\"\n";
			showEnvVarsInLog = 0;
		};
		CE7D369220DA8504003E8823 /* Run R.Swift Phase */ = {
			isa = PBXShellScriptBuildPhase;
			buildActionMask = 2147483647;
			files = (
			);
			inputPaths = (
			);
			name = "Run R.Swift Phase";
			outputPaths = (
			);
			runOnlyForDeploymentPostprocessing = 0;
			shellPath = /bin/sh;
			shellScript = "\"$PODS_ROOT/R.swift/rswift\" generate \"$SRCROOT\"";
		};
		CE7D369520DA8A3F003E8823 /* Generate Apollo GraphQL API */ = {
			isa = PBXShellScriptBuildPhase;
			buildActionMask = 12;
			files = (
			);
			inputPaths = (
			);
			name = "Generate Apollo GraphQL API";
			outputPaths = (
			);
			runOnlyForDeploymentPostprocessing = 0;
			shellPath = /bin/sh;
			shellScript = "APOLLO_FRAMEWORK_PATH=\"$(eval find $FRAMEWORK_SEARCH_PATHS -name \"Apollo.framework\" -maxdepth 1)\"\n\nif [ -z \"$APOLLO_FRAMEWORK_PATH\" ]; then\necho \"error: Couldn't find Apollo.framework in FRAMEWORK_SEARCH_PATHS; make sure to add the framework to your project.\"\nexit 1\nfi\n\ncd \"${SRCROOT}/${TARGET_NAME}\"\n$APOLLO_FRAMEWORK_PATH/check-and-run-apollo-codegen.sh generate $(find . -name '*.graphql') --schema schema.json --output ApolloAPIService.swift";
		};
		D02596870FAEDD9BABFE5494 /* [CP] Check Pods Manifest.lock */ = {
			isa = PBXShellScriptBuildPhase;
			buildActionMask = 2147483647;
			files = (
			);
			inputPaths = (
				"${PODS_PODFILE_DIR_PATH}/Podfile.lock",
				"${PODS_ROOT}/Manifest.lock",
			);
			name = "[CP] Check Pods Manifest.lock";
			outputPaths = (
				"$(DERIVED_FILE_DIR)/Pods-Audigo-iOSUITests-checkManifestLockResult.txt",
			);
			runOnlyForDeploymentPostprocessing = 0;
			shellPath = /bin/sh;
			shellScript = "diff \"${PODS_PODFILE_DIR_PATH}/Podfile.lock\" \"${PODS_ROOT}/Manifest.lock\" > /dev/null\nif [ $? != 0 ] ; then\n    # print error to STDERR\n    echo \"error: The sandbox is not in sync with the Podfile.lock. Run 'pod install' or update your CocoaPods installation.\" >&2\n    exit 1\nfi\n# This output is used by Xcode 'outputs' to avoid re-running this script phase.\necho \"SUCCESS\" > \"${SCRIPT_OUTPUT_FILE_0}\"\n";
			showEnvVarsInLog = 0;
		};
		D7429C5682F781A87B88FE5B /* [CP] Check Pods Manifest.lock */ = {
			isa = PBXShellScriptBuildPhase;
			buildActionMask = 2147483647;
			files = (
			);
			inputPaths = (
				"${PODS_PODFILE_DIR_PATH}/Podfile.lock",
				"${PODS_ROOT}/Manifest.lock",
			);
			name = "[CP] Check Pods Manifest.lock";
			outputPaths = (
				"$(DERIVED_FILE_DIR)/Pods-Audigo-iOSTests-checkManifestLockResult.txt",
			);
			runOnlyForDeploymentPostprocessing = 0;
			shellPath = /bin/sh;
			shellScript = "diff \"${PODS_PODFILE_DIR_PATH}/Podfile.lock\" \"${PODS_ROOT}/Manifest.lock\" > /dev/null\nif [ $? != 0 ] ; then\n    # print error to STDERR\n    echo \"error: The sandbox is not in sync with the Podfile.lock. Run 'pod install' or update your CocoaPods installation.\" >&2\n    exit 1\nfi\n# This output is used by Xcode 'outputs' to avoid re-running this script phase.\necho \"SUCCESS\" > \"${SCRIPT_OUTPUT_FILE_0}\"\n";
			showEnvVarsInLog = 0;
		};
/* End PBXShellScriptBuildPhase section */

/* Begin PBXSourcesBuildPhase section */
		CED4CCA620C979040063D89F /* Sources */ = {
			isa = PBXSourcesBuildPhase;
			buildActionMask = 2147483647;
			files = (
				CEB41F032115C41B006BC729 /* BindableTypes.swift in Sources */,
				CED4CCB620C979040063D89F /* Audigo_iOS.xcdatamodeld in Sources */,
				CEB41EFE2115C3FF006BC729 /* SceneTransitionType.swift in Sources */,
				CE34B4C5211E96FA00F92D50 /* PhoneCheckViewController.swift in Sources */,
				CE25BB982121D94A00D1273C /* MemberSelectViewController.swift in Sources */,
				CEEE5DA5212817F50023E2FC /* PromiseDetailUserTableViewCell.swift in Sources */,
				CEAD38B321230B63009B0A5A /* MemberSelectTableViewCell.swift in Sources */,
				CE77EDD321209655007A6BF6 /* TimePopupViewController.swift in Sources */,
				CEB41F012115C3FF006BC729 /* AppCoordinator.swift in Sources */,
				CE77EDCC21207204007A6BF6 /* NewPromiseViewModel.swift in Sources */,
				CEB41F092115C4F4006BC729 /* EntranceViewController.swift in Sources */,
				CE77EDCE21208A7E007A6BF6 /* PromiseDetailViewController.swift in Sources */,
				CE0B6A88211C927A003FA382 /* BaseViewModel.swift in Sources */,
				CEEE5D9C212717090023E2FC /* UITableView+Ext.swift in Sources */,
				CE77EDD121209649007A6BF6 /* DatePopupViewController.swift in Sources */,
				CE280193212575E20066B344 /* ContactItem.swift in Sources */,
				CE2801952125A55D0066B344 /* RxApollo.swift in Sources */,
				CE77EDC821207191007A6BF6 /* NewPromiseViewController.swift in Sources */,
				CE825F9021205BF800697F52 /* Util.swift in Sources */,
				CE77EDCA212071F9007A6BF6 /* NewPromiseScene.swift in Sources */,
				CEEE5D9E2127D5BA0023E2FC /* PromiseDetailScene.swift in Sources */,
				CEB41F0B2115C52A006BC729 /* PermissionsViewController.swift in Sources */,
				CED4CCB020C979040063D89F /* MainViewController.swift in Sources */,
				CEB41F072115C4A6006BC729 /* MainViewModel.swift in Sources */,
				CEB41F002115C3FF006BC729 /* Scene+ViewController.swift in Sources */,
				CEEE5DA7212843400023E2FC /* R.generated.swift in Sources */,
				CEEE5DA02127D6540023E2FC /* PromiseDetailViewModel.swift in Sources */,
				CED4CCAE20C979040063D89F /* AppDelegate.swift in Sources */,
				CED44217211F081D000D2A8C /* MemberCollectionViewCell.swift in Sources */,
				CEB41EFF2115C3FF006BC729 /* Scene.swift in Sources */,
				CE34B4CB211EFE7800F92D50 /* PromiseTableViewCell.swift in Sources */,
				CE7D369D20DA952D003E8823 /* ApolloAPIService.swift in Sources */,
				CEB41F052115C484006BC729 /* MainScene.swift in Sources */,
				CEB41EFD2115C3FF006BC729 /* SceneCoordinatorType.swift in Sources */,
			);
			runOnlyForDeploymentPostprocessing = 0;
		};
		CED4CCBD20C979060063D89F /* Sources */ = {
			isa = PBXSourcesBuildPhase;
			buildActionMask = 2147483647;
			files = (
				CED4CCC620C979060063D89F /* Audigo_iOSTests.swift in Sources */,
			);
			runOnlyForDeploymentPostprocessing = 0;
		};
		CED4CCC820C979060063D89F /* Sources */ = {
			isa = PBXSourcesBuildPhase;
			buildActionMask = 2147483647;
			files = (
				CED4CCD120C979060063D89F /* Audigo_iOSUITests.swift in Sources */,
			);
			runOnlyForDeploymentPostprocessing = 0;
		};
/* End PBXSourcesBuildPhase section */

/* Begin PBXTargetDependency section */
		CED4CCC320C979060063D89F /* PBXTargetDependency */ = {
			isa = PBXTargetDependency;
			target = CED4CCA920C979040063D89F /* Audigo-iOS */;
			targetProxy = CED4CCC220C979060063D89F /* PBXContainerItemProxy */;
		};
		CED4CCCE20C979060063D89F /* PBXTargetDependency */ = {
			isa = PBXTargetDependency;
			target = CED4CCA920C979040063D89F /* Audigo-iOS */;
			targetProxy = CED4CCCD20C979060063D89F /* PBXContainerItemProxy */;
		};
/* End PBXTargetDependency section */

/* Begin PBXVariantGroup section */
		CED4CCB120C979040063D89F /* Main.storyboard */ = {
			isa = PBXVariantGroup;
			children = (
				CED4CCB220C979040063D89F /* Base */,
			);
			name = Main.storyboard;
			sourceTree = "<group>";
		};
		CED4CCB920C979060063D89F /* LaunchScreen.storyboard */ = {
			isa = PBXVariantGroup;
			children = (
				CED4CCBA20C979060063D89F /* Base */,
			);
			name = LaunchScreen.storyboard;
			sourceTree = "<group>";
		};
/* End PBXVariantGroup section */

/* Begin XCBuildConfiguration section */
		CED4CCD320C979060063D89F /* Debug */ = {
			isa = XCBuildConfiguration;
			buildSettings = {
				ALWAYS_SEARCH_USER_PATHS = NO;
				CLANG_ANALYZER_NONNULL = YES;
				CLANG_ANALYZER_NUMBER_OBJECT_CONVERSION = YES_AGGRESSIVE;
				CLANG_CXX_LANGUAGE_STANDARD = "gnu++14";
				CLANG_CXX_LIBRARY = "libc++";
				CLANG_ENABLE_MODULES = YES;
				CLANG_ENABLE_OBJC_ARC = YES;
				CLANG_ENABLE_OBJC_WEAK = YES;
				CLANG_WARN_BLOCK_CAPTURE_AUTORELEASING = YES;
				CLANG_WARN_BOOL_CONVERSION = YES;
				CLANG_WARN_COMMA = YES;
				CLANG_WARN_CONSTANT_CONVERSION = YES;
				CLANG_WARN_DEPRECATED_OBJC_IMPLEMENTATIONS = YES;
				CLANG_WARN_DIRECT_OBJC_ISA_USAGE = YES_ERROR;
				CLANG_WARN_DOCUMENTATION_COMMENTS = YES;
				CLANG_WARN_EMPTY_BODY = YES;
				CLANG_WARN_ENUM_CONVERSION = YES;
				CLANG_WARN_INFINITE_RECURSION = YES;
				CLANG_WARN_INT_CONVERSION = YES;
				CLANG_WARN_NON_LITERAL_NULL_CONVERSION = YES;
				CLANG_WARN_OBJC_IMPLICIT_RETAIN_SELF = YES;
				CLANG_WARN_OBJC_LITERAL_CONVERSION = YES;
				CLANG_WARN_OBJC_ROOT_CLASS = YES_ERROR;
				CLANG_WARN_RANGE_LOOP_ANALYSIS = YES;
				CLANG_WARN_STRICT_PROTOTYPES = YES;
				CLANG_WARN_SUSPICIOUS_MOVE = YES;
				CLANG_WARN_UNGUARDED_AVAILABILITY = YES_AGGRESSIVE;
				CLANG_WARN_UNREACHABLE_CODE = YES;
				CLANG_WARN__DUPLICATE_METHOD_MATCH = YES;
				CODE_SIGN_IDENTITY = "iPhone Developer";
				COPY_PHASE_STRIP = NO;
				DEBUG_INFORMATION_FORMAT = dwarf;
				ENABLE_STRICT_OBJC_MSGSEND = YES;
				ENABLE_TESTABILITY = YES;
				GCC_C_LANGUAGE_STANDARD = gnu11;
				GCC_DYNAMIC_NO_PIC = NO;
				GCC_NO_COMMON_BLOCKS = YES;
				GCC_OPTIMIZATION_LEVEL = 0;
				GCC_PREPROCESSOR_DEFINITIONS = (
					"DEBUG=1",
					"$(inherited)",
				);
				GCC_WARN_64_TO_32_BIT_CONVERSION = YES;
				GCC_WARN_ABOUT_RETURN_TYPE = YES_ERROR;
				GCC_WARN_UNDECLARED_SELECTOR = YES;
				GCC_WARN_UNINITIALIZED_AUTOS = YES_AGGRESSIVE;
				GCC_WARN_UNUSED_FUNCTION = YES;
				GCC_WARN_UNUSED_VARIABLE = YES;
				IPHONEOS_DEPLOYMENT_TARGET = 11.0;
				MTL_ENABLE_DEBUG_INFO = YES;
				ONLY_ACTIVE_ARCH = YES;
				SDKROOT = iphoneos;
				SWIFT_ACTIVE_COMPILATION_CONDITIONS = DEBUG;
				SWIFT_OPTIMIZATION_LEVEL = "-Onone";
			};
			name = Debug;
		};
		CED4CCD420C979060063D89F /* Release */ = {
			isa = XCBuildConfiguration;
			buildSettings = {
				ALWAYS_SEARCH_USER_PATHS = NO;
				CLANG_ANALYZER_NONNULL = YES;
				CLANG_ANALYZER_NUMBER_OBJECT_CONVERSION = YES_AGGRESSIVE;
				CLANG_CXX_LANGUAGE_STANDARD = "gnu++14";
				CLANG_CXX_LIBRARY = "libc++";
				CLANG_ENABLE_MODULES = YES;
				CLANG_ENABLE_OBJC_ARC = YES;
				CLANG_ENABLE_OBJC_WEAK = YES;
				CLANG_WARN_BLOCK_CAPTURE_AUTORELEASING = YES;
				CLANG_WARN_BOOL_CONVERSION = YES;
				CLANG_WARN_COMMA = YES;
				CLANG_WARN_CONSTANT_CONVERSION = YES;
				CLANG_WARN_DEPRECATED_OBJC_IMPLEMENTATIONS = YES;
				CLANG_WARN_DIRECT_OBJC_ISA_USAGE = YES_ERROR;
				CLANG_WARN_DOCUMENTATION_COMMENTS = YES;
				CLANG_WARN_EMPTY_BODY = YES;
				CLANG_WARN_ENUM_CONVERSION = YES;
				CLANG_WARN_INFINITE_RECURSION = YES;
				CLANG_WARN_INT_CONVERSION = YES;
				CLANG_WARN_NON_LITERAL_NULL_CONVERSION = YES;
				CLANG_WARN_OBJC_IMPLICIT_RETAIN_SELF = YES;
				CLANG_WARN_OBJC_LITERAL_CONVERSION = YES;
				CLANG_WARN_OBJC_ROOT_CLASS = YES_ERROR;
				CLANG_WARN_RANGE_LOOP_ANALYSIS = YES;
				CLANG_WARN_STRICT_PROTOTYPES = YES;
				CLANG_WARN_SUSPICIOUS_MOVE = YES;
				CLANG_WARN_UNGUARDED_AVAILABILITY = YES_AGGRESSIVE;
				CLANG_WARN_UNREACHABLE_CODE = YES;
				CLANG_WARN__DUPLICATE_METHOD_MATCH = YES;
				CODE_SIGN_IDENTITY = "iPhone Developer";
				COPY_PHASE_STRIP = NO;
				DEBUG_INFORMATION_FORMAT = "dwarf-with-dsym";
				ENABLE_NS_ASSERTIONS = NO;
				ENABLE_STRICT_OBJC_MSGSEND = YES;
				GCC_C_LANGUAGE_STANDARD = gnu11;
				GCC_NO_COMMON_BLOCKS = YES;
				GCC_WARN_64_TO_32_BIT_CONVERSION = YES;
				GCC_WARN_ABOUT_RETURN_TYPE = YES_ERROR;
				GCC_WARN_UNDECLARED_SELECTOR = YES;
				GCC_WARN_UNINITIALIZED_AUTOS = YES_AGGRESSIVE;
				GCC_WARN_UNUSED_FUNCTION = YES;
				GCC_WARN_UNUSED_VARIABLE = YES;
				IPHONEOS_DEPLOYMENT_TARGET = 11.0;
				MTL_ENABLE_DEBUG_INFO = NO;
				SDKROOT = iphoneos;
				SWIFT_COMPILATION_MODE = wholemodule;
				SWIFT_OPTIMIZATION_LEVEL = "-O";
				VALIDATE_PRODUCT = YES;
			};
			name = Release;
		};
		CED4CCD620C979060063D89F /* Debug */ = {
			isa = XCBuildConfiguration;
			baseConfigurationReference = CA541320104F8C0FED8535D0 /* Pods-Audigo-iOS.debug.xcconfig */;
			buildSettings = {
				ASSETCATALOG_COMPILER_APPICON_NAME = AppIcon;
				CODE_SIGN_STYLE = Automatic;
				DEVELOPMENT_TEAM = R2ESGSL5P9;
				FRAMEWORK_SEARCH_PATHS = (
					"$(inherited)",
					"$(PROJECT_DIR)",
				);
				INFOPLIST_FILE = "Audigo-iOS/Info.plist";
				IPHONEOS_DEPLOYMENT_TARGET = 10.3;
				LD_RUNPATH_SEARCH_PATHS = (
					"$(inherited)",
					"@executable_path/Frameworks",
				);
				OTHER_LDFLAGS = (
					"$(inherited)",
					"-framework",
					"\"Action\"",
					"-framework",
					"\"Apollo\"",
					"-framework",
					"\"Differentiator\"",
					"-framework",
					"\"NSObject_Rx\"",
					"-framework",
					"\"Rswift\"",
					"-framework",
					"\"RxCocoa\"",
					"-framework",
					"\"RxDataSources\"",
					"-framework",
					"\"RxKeyboard\"",
					"-framework",
					"\"RxSwift\"",
					"-all_load",
				);
				PRODUCT_BUNDLE_IDENTIFIER = "blackburn.io.Audigo-iOS";
				PRODUCT_NAME = "$(TARGET_NAME)";
				SWIFT_OBJC_BRIDGING_HEADER = "KakaoOpenSDK-Bridging-Header.h";
				SWIFT_VERSION = 4.0;
				TARGETED_DEVICE_FAMILY = "1,2";
			};
			name = Debug;
		};
		CED4CCD720C979060063D89F /* Release */ = {
			isa = XCBuildConfiguration;
			baseConfigurationReference = E85035A84CDA31ECF6853A28 /* Pods-Audigo-iOS.release.xcconfig */;
			buildSettings = {
				ASSETCATALOG_COMPILER_APPICON_NAME = AppIcon;
				CODE_SIGN_STYLE = Automatic;
				DEVELOPMENT_TEAM = R2ESGSL5P9;
				FRAMEWORK_SEARCH_PATHS = (
					"$(inherited)",
					"$(PROJECT_DIR)",
				);
				INFOPLIST_FILE = "Audigo-iOS/Info.plist";
				IPHONEOS_DEPLOYMENT_TARGET = 10.3;
				LD_RUNPATH_SEARCH_PATHS = (
					"$(inherited)",
					"@executable_path/Frameworks",
				);
				OTHER_LDFLAGS = (
					"$(inherited)",
					"-framework",
					"\"Action\"",
					"-framework",
					"\"Apollo\"",
					"-framework",
					"\"Differentiator\"",
					"-framework",
					"\"NSObject_Rx\"",
					"-framework",
					"\"Rswift\"",
					"-framework",
					"\"RxCocoa\"",
					"-framework",
					"\"RxDataSources\"",
					"-framework",
					"\"RxKeyboard\"",
					"-framework",
					"\"RxSwift\"",
					"-all_load",
				);
				PRODUCT_BUNDLE_IDENTIFIER = "blackburn.io.Audigo-iOS";
				PRODUCT_NAME = "$(TARGET_NAME)";
				SWIFT_OBJC_BRIDGING_HEADER = "KakaoOpenSDK-Bridging-Header.h";
				SWIFT_VERSION = 4.0;
				TARGETED_DEVICE_FAMILY = "1,2";
			};
			name = Release;
		};
		CED4CCD920C979060063D89F /* Debug */ = {
			isa = XCBuildConfiguration;
			baseConfigurationReference = A15A740631A4179D9F919E4F /* Pods-Audigo-iOSTests.debug.xcconfig */;
			buildSettings = {
				ALWAYS_EMBED_SWIFT_STANDARD_LIBRARIES = YES;
				BUNDLE_LOADER = "$(TEST_HOST)";
				CODE_SIGN_STYLE = Automatic;
				DEVELOPMENT_TEAM = R2ESGSL5P9;
				INFOPLIST_FILE = "Audigo-iOSTests/Info.plist";
				LD_RUNPATH_SEARCH_PATHS = (
					"$(inherited)",
					"@executable_path/Frameworks",
					"@loader_path/Frameworks",
				);
				PRODUCT_BUNDLE_IDENTIFIER = "blackburn.io.Audigo-iOSTests";
				PRODUCT_NAME = "$(TARGET_NAME)";
				SWIFT_VERSION = 4.0;
				TARGETED_DEVICE_FAMILY = "1,2";
				TEST_HOST = "$(BUILT_PRODUCTS_DIR)/Audigo-iOS.app/Audigo-iOS";
			};
			name = Debug;
		};
		CED4CCDA20C979060063D89F /* Release */ = {
			isa = XCBuildConfiguration;
			baseConfigurationReference = DA147B49087C78684F7FF21E /* Pods-Audigo-iOSTests.release.xcconfig */;
			buildSettings = {
				ALWAYS_EMBED_SWIFT_STANDARD_LIBRARIES = YES;
				BUNDLE_LOADER = "$(TEST_HOST)";
				CODE_SIGN_STYLE = Automatic;
				DEVELOPMENT_TEAM = R2ESGSL5P9;
				INFOPLIST_FILE = "Audigo-iOSTests/Info.plist";
				LD_RUNPATH_SEARCH_PATHS = (
					"$(inherited)",
					"@executable_path/Frameworks",
					"@loader_path/Frameworks",
				);
				PRODUCT_BUNDLE_IDENTIFIER = "blackburn.io.Audigo-iOSTests";
				PRODUCT_NAME = "$(TARGET_NAME)";
				SWIFT_VERSION = 4.0;
				TARGETED_DEVICE_FAMILY = "1,2";
				TEST_HOST = "$(BUILT_PRODUCTS_DIR)/Audigo-iOS.app/Audigo-iOS";
			};
			name = Release;
		};
		CED4CCDC20C979060063D89F /* Debug */ = {
			isa = XCBuildConfiguration;
			baseConfigurationReference = 48800521CEAD7FE421842A0E /* Pods-Audigo-iOSUITests.debug.xcconfig */;
			buildSettings = {
				ALWAYS_EMBED_SWIFT_STANDARD_LIBRARIES = YES;
				CODE_SIGN_STYLE = Automatic;
				DEVELOPMENT_TEAM = R2ESGSL5P9;
				INFOPLIST_FILE = "Audigo-iOSUITests/Info.plist";
				LD_RUNPATH_SEARCH_PATHS = (
					"$(inherited)",
					"@executable_path/Frameworks",
					"@loader_path/Frameworks",
				);
				PRODUCT_BUNDLE_IDENTIFIER = "blackburn.io.Audigo-iOSUITests";
				PRODUCT_NAME = "$(TARGET_NAME)";
				SWIFT_VERSION = 4.0;
				TARGETED_DEVICE_FAMILY = "1,2";
				TEST_TARGET_NAME = "Audigo-iOS";
			};
			name = Debug;
		};
		CED4CCDD20C979060063D89F /* Release */ = {
			isa = XCBuildConfiguration;
			baseConfigurationReference = B5DF70456DCA29CA99440351 /* Pods-Audigo-iOSUITests.release.xcconfig */;
			buildSettings = {
				ALWAYS_EMBED_SWIFT_STANDARD_LIBRARIES = YES;
				CODE_SIGN_STYLE = Automatic;
				DEVELOPMENT_TEAM = R2ESGSL5P9;
				INFOPLIST_FILE = "Audigo-iOSUITests/Info.plist";
				LD_RUNPATH_SEARCH_PATHS = (
					"$(inherited)",
					"@executable_path/Frameworks",
					"@loader_path/Frameworks",
				);
				PRODUCT_BUNDLE_IDENTIFIER = "blackburn.io.Audigo-iOSUITests";
				PRODUCT_NAME = "$(TARGET_NAME)";
				SWIFT_VERSION = 4.0;
				TARGETED_DEVICE_FAMILY = "1,2";
				TEST_TARGET_NAME = "Audigo-iOS";
			};
			name = Release;
		};
/* End XCBuildConfiguration section */

/* Begin XCConfigurationList section */
		CED4CCA520C979040063D89F /* Build configuration list for PBXProject "Audigo-iOS" */ = {
			isa = XCConfigurationList;
			buildConfigurations = (
				CED4CCD320C979060063D89F /* Debug */,
				CED4CCD420C979060063D89F /* Release */,
			);
			defaultConfigurationIsVisible = 0;
			defaultConfigurationName = Release;
		};
		CED4CCD520C979060063D89F /* Build configuration list for PBXNativeTarget "Audigo-iOS" */ = {
			isa = XCConfigurationList;
			buildConfigurations = (
				CED4CCD620C979060063D89F /* Debug */,
				CED4CCD720C979060063D89F /* Release */,
			);
			defaultConfigurationIsVisible = 0;
			defaultConfigurationName = Release;
		};
		CED4CCD820C979060063D89F /* Build configuration list for PBXNativeTarget "Audigo-iOSTests" */ = {
			isa = XCConfigurationList;
			buildConfigurations = (
				CED4CCD920C979060063D89F /* Debug */,
				CED4CCDA20C979060063D89F /* Release */,
			);
			defaultConfigurationIsVisible = 0;
			defaultConfigurationName = Release;
		};
		CED4CCDB20C979060063D89F /* Build configuration list for PBXNativeTarget "Audigo-iOSUITests" */ = {
			isa = XCConfigurationList;
			buildConfigurations = (
				CED4CCDC20C979060063D89F /* Debug */,
				CED4CCDD20C979060063D89F /* Release */,
			);
			defaultConfigurationIsVisible = 0;
			defaultConfigurationName = Release;
		};
/* End XCConfigurationList section */

/* Begin XCVersionGroup section */
		CED4CCB420C979040063D89F /* Audigo_iOS.xcdatamodeld */ = {
			isa = XCVersionGroup;
			children = (
				CED4CCB520C979040063D89F /* Audigo_iOS.xcdatamodel */,
			);
			currentVersion = CED4CCB520C979040063D89F /* Audigo_iOS.xcdatamodel */;
			path = Audigo_iOS.xcdatamodeld;
			sourceTree = "<group>";
			versionGroupType = wrapper.xcdatamodel;
		};
/* End XCVersionGroup section */
	};
	rootObject = CED4CCA220C979040063D89F /* Project object */;
}
